
Microsoft Visual Studio Solution File, Format Version 12.00
# Visual Studio Version 17
VisualStudioVersion = 17.14.36414.22 d17.14
MinimumVisualStudioVersion = 10.0.40219.1
Project("{FAE04EC0-301F-11D3-BF4B-00C04F79EFBC}") = "WerWirdReich", "WerWirdReich.csproj", "{6F81BE9A-9405-42DB-AF4D-C9885B4249BE}"
EndProject
Global
	GlobalSection(SolutionConfigurationPlatforms) = preSolution
		Debug|Any CPU = Debug|Any CPU
		Release|Any CPU = Release|Any CPU
	EndGlobalSection
	GlobalSection(ProjectConfigurationPlatforms) = postSolution
		{6F81BE9A-9405-42DB-AF4D-C9885B4249BE}.Debug|Any CPU.ActiveCfg = Debug|Any CPU
		{6F81BE9A-9405-42DB-AF4D-C9885B4249BE}.Debug|Any CPU.Build.0 = Debug|Any CPU
		{6F81BE9A-9405-42DB-AF4D-C9885B4249BE}.Release|Any CPU.ActiveCfg = Release|Any CPU
		{6F81BE9A-9405-42DB-AF4D-C9885B4249BE}.Release|Any CPU.Build.0 = Release|Any CPU
	EndGlobalSection
	GlobalSection(SolutionProperties) = preSolution
		HideSolutionNode = FALSE
	EndGlobalSection
	GlobalSection(ExtensibilityGlobals) = postSolution
		SolutionGuid = {F57C9286-2A02-44C5-8AEF-B9FCE13744CC}
	EndGlobalSection
EndGlobal
